
Microsoft Visual Studio Solution File, Format Version 12.00
# Visual Studio Version 16
VisualStudioVersion = 16.0.30611.23
MinimumVisualStudioVersion = 10.0.40219.1
Project("{FAE04EC0-301F-11D3-BF4B-00C04F79EFBC}") = "LinqExsercise", "LinqExsercise\LinqExsercise.csproj", "{59C7E5D0-1200-4E51-B608-BE8490872608}"
EndProject
Global
	GlobalSection(SolutionConfigurationPlatforms) = preSolution
		Debug|Any CPU = Debug|Any CPU
		Release|Any CPU = Release|Any CPU
	EndGlobalSection
	GlobalSection(ProjectConfigurationPlatforms) = postSolution
		{59C7E5D0-1200-4E51-B608-BE8490872608}.Debug|Any CPU.ActiveCfg = Debug|Any CPU
		{59C7E5D0-1200-4E51-B608-BE8490872608}.Debug|Any CPU.Build.0 = Debug|Any CPU
		{59C7E5D0-1200-4E51-B608-BE8490872608}.Release|Any CPU.ActiveCfg = Release|Any CPU
		{59C7E5D0-1200-4E51-B608-BE8490872608}.Release|Any CPU.Build.0 = Release|Any CPU
	EndGlobalSection
	GlobalSection(SolutionProperties) = preSolution
		HideSolutionNode = FALSE
	EndGlobalSection
	GlobalSection(ExtensibilityGlobals) = postSolution
		SolutionGuid = {29C28D00-0038-42F4-8348-192014F95A28}
	EndGlobalSection
EndGlobal
